
Microsoft Visual Studio Solution File, Format Version 12.00
# Visual Studio Version 17
VisualStudioVersion = 17.13.35828.75 d17.13
MinimumVisualStudioVersion = 10.0.40219.1
Project("{FAE04EC0-301F-11D3-BF4B-00C04F79EFBC}") = "CalculadoraPilas", "CalculadoraPilas\CalculadoraPilas.csproj", "{C7192552-4A70-458D-887C-9AB8461BF6BC}"
EndProject
Global
	GlobalSection(SolutionConfigurationPlatforms) = preSolution
		Debug|Any CPU = Debug|Any CPU
		Release|Any CPU = Release|Any CPU
	EndGlobalSection
	GlobalSection(ProjectConfigurationPlatforms) = postSolution
		{C7192552-4A70-458D-887C-9AB8461BF6BC}.Debug|Any CPU.ActiveCfg = Debug|Any CPU
		{C7192552-4A70-458D-887C-9AB8461BF6BC}.Debug|Any CPU.Build.0 = Debug|Any CPU
		{C7192552-4A70-458D-887C-9AB8461BF6BC}.Release|Any CPU.ActiveCfg = Release|Any CPU
		{C7192552-4A70-458D-887C-9AB8461BF6BC}.Release|Any CPU.Build.0 = Release|Any CPU
	EndGlobalSection
	GlobalSection(SolutionProperties) = preSolution
		HideSolutionNode = FALSE
	EndGlobalSection
	GlobalSection(ExtensibilityGlobals) = postSolution
		SolutionGuid = {F7AC742F-839B-416A-BE72-7A365C882619}
	EndGlobalSection
EndGlobal
